
Microsoft Visual Studio Solution File, Format Version 12.00
Project("{FAE04EC0-301F-11D3-BF4B-00C04F79EFBC}") = "OscarDanielOtero_dev.Api", "OscarDanielOtero_dev.Api\OscarDanielOtero_dev.Api.csproj", "{5AE59B6C-4356-4482-A861-1CD46EC291CF}"
EndProject
Project("{FAE04EC0-301F-11D3-BF4B-00C04F79EFBC}") = "Models", "Models\Models.csproj", "{93C35D4B-E111-433F-AD33-FCFAB81F3E10}"
EndProject
Project("{FAE04EC0-301F-11D3-BF4B-00C04F79EFBC}") = "FirestoreInfrastructureServices", "FirestoreInfrastructureServices\FirestoreInfrastructureServices.csproj", "{252B4B54-99B1-4400-B010-138E19006381}"
EndProject
Project("{FAE04EC0-301F-11D3-BF4B-00C04F79EFBC}") = "BusinessLogicServices", "BusinessLogicServices\BusinessLogicServices.csproj", "{79494647-F3BF-4952-9B6F-5AC32D6FEF3A}"
EndProject
Project("{2150E333-8FDC-42A3-9474-1A3956D46DE8}") = "Tests", "Tests", "{C319C56F-5B72-48B0-B4D4-8E3AD1D3CDF2}"
EndProject
Project("{2150E333-8FDC-42A3-9474-1A3956D46DE8}") = "src", "src", "{59E1857F-A4D5-43D0-A9FD-5E07236FCC8D}"
EndProject
Project("{FAE04EC0-301F-11D3-BF4B-00C04F79EFBC}") = "Tests", "Tests\Tests.csproj", "{2760D01F-F129-468B-BC64-CDB87CD7506A}"
EndProject
Global
	GlobalSection(SolutionConfigurationPlatforms) = preSolution
		Debug|Any CPU = Debug|Any CPU
		Release|Any CPU = Release|Any CPU
	EndGlobalSection
	GlobalSection(ProjectConfigurationPlatforms) = postSolution
		{5AE59B6C-4356-4482-A861-1CD46EC291CF}.Debug|Any CPU.ActiveCfg = Debug|Any CPU
		{5AE59B6C-4356-4482-A861-1CD46EC291CF}.Debug|Any CPU.Build.0 = Debug|Any CPU
		{5AE59B6C-4356-4482-A861-1CD46EC291CF}.Release|Any CPU.ActiveCfg = Release|Any CPU
		{5AE59B6C-4356-4482-A861-1CD46EC291CF}.Release|Any CPU.Build.0 = Release|Any CPU
		{93C35D4B-E111-433F-AD33-FCFAB81F3E10}.Debug|Any CPU.ActiveCfg = Debug|Any CPU
		{93C35D4B-E111-433F-AD33-FCFAB81F3E10}.Debug|Any CPU.Build.0 = Debug|Any CPU
		{93C35D4B-E111-433F-AD33-FCFAB81F3E10}.Release|Any CPU.ActiveCfg = Release|Any CPU
		{93C35D4B-E111-433F-AD33-FCFAB81F3E10}.Release|Any CPU.Build.0 = Release|Any CPU
		{252B4B54-99B1-4400-B010-138E19006381}.Debug|Any CPU.ActiveCfg = Debug|Any CPU
		{252B4B54-99B1-4400-B010-138E19006381}.Debug|Any CPU.Build.0 = Debug|Any CPU
		{252B4B54-99B1-4400-B010-138E19006381}.Release|Any CPU.ActiveCfg = Release|Any CPU
		{252B4B54-99B1-4400-B010-138E19006381}.Release|Any CPU.Build.0 = Release|Any CPU
		{79494647-F3BF-4952-9B6F-5AC32D6FEF3A}.Debug|Any CPU.ActiveCfg = Debug|Any CPU
		{79494647-F3BF-4952-9B6F-5AC32D6FEF3A}.Debug|Any CPU.Build.0 = Debug|Any CPU
		{79494647-F3BF-4952-9B6F-5AC32D6FEF3A}.Release|Any CPU.ActiveCfg = Release|Any CPU
		{79494647-F3BF-4952-9B6F-5AC32D6FEF3A}.Release|Any CPU.Build.0 = Release|Any CPU
		{2760D01F-F129-468B-BC64-CDB87CD7506A}.Debug|Any CPU.ActiveCfg = Debug|Any CPU
		{2760D01F-F129-468B-BC64-CDB87CD7506A}.Debug|Any CPU.Build.0 = Debug|Any CPU
		{2760D01F-F129-468B-BC64-CDB87CD7506A}.Release|Any CPU.ActiveCfg = Release|Any CPU
		{2760D01F-F129-468B-BC64-CDB87CD7506A}.Release|Any CPU.Build.0 = Release|Any CPU
	EndGlobalSection
	GlobalSection(NestedProjects) = preSolution
		{79494647-F3BF-4952-9B6F-5AC32D6FEF3A} = {59E1857F-A4D5-43D0-A9FD-5E07236FCC8D}
		{252B4B54-99B1-4400-B010-138E19006381} = {59E1857F-A4D5-43D0-A9FD-5E07236FCC8D}
		{93C35D4B-E111-433F-AD33-FCFAB81F3E10} = {59E1857F-A4D5-43D0-A9FD-5E07236FCC8D}
		{5AE59B6C-4356-4482-A861-1CD46EC291CF} = {59E1857F-A4D5-43D0-A9FD-5E07236FCC8D}
		{2760D01F-F129-468B-BC64-CDB87CD7506A} = {C319C56F-5B72-48B0-B4D4-8E3AD1D3CDF2}
	EndGlobalSection
EndGlobal
