
Microsoft Visual Studio Solution File, Format Version 12.00
Project("{FAE04EC0-301F-11D3-BF4B-00C04F79EFBC}") = "OscarDanielOtero_dev.Api", "OscarDanielOtero_dev.Api\OscarDanielOtero_dev.Api.csproj", "{5AE59B6C-4356-4482-A861-1CD46EC291CF}"
EndProject
Global
	GlobalSection(SolutionConfigurationPlatforms) = preSolution
		Debug|Any CPU = Debug|Any CPU
		Release|Any CPU = Release|Any CPU
	EndGlobalSection
	GlobalSection(ProjectConfigurationPlatforms) = postSolution
		{5AE59B6C-4356-4482-A861-1CD46EC291CF}.Debug|Any CPU.ActiveCfg = Debug|Any CPU
		{5AE59B6C-4356-4482-A861-1CD46EC291CF}.Debug|Any CPU.Build.0 = Debug|Any CPU
		{5AE59B6C-4356-4482-A861-1CD46EC291CF}.Release|Any CPU.ActiveCfg = Release|Any CPU
		{5AE59B6C-4356-4482-A861-1CD46EC291CF}.Release|Any CPU.Build.0 = Release|Any CPU
	EndGlobalSection
EndGlobal
